
Microsoft Visual Studio Solution File, Format Version 11.00
# Visual Studio 2010
Project("{FAE04EC0-301F-11D3-BF4B-00C04F79EFBC}") = "Oculus.Platform", "Oculus.Platform.csproj", "{70bebfa5-1b1c-1ef6-ec7b-e0bc5ffed0af}"
EndProject
Project("{FAE04EC0-301F-11D3-BF4B-00C04F79EFBC}") = "Assembly-CSharp", "Assembly-CSharp.csproj", "{b88fdd1c-51df-b089-20c1-dada831038f4}"
EndProject
Project("{FAE04EC0-301F-11D3-BF4B-00C04F79EFBC}") = "Meta.WitAi", "Meta.WitAi.csproj", "{5defa04b-a126-68e5-23de-eeb51b1a620e}"
EndProject
Project("{FAE04EC0-301F-11D3-BF4B-00C04F79EFBC}") = "Oculus.Spatializer", "Oculus.Spatializer.csproj", "{d5a98c7a-9222-1d49-2504-48baffb57188}"
EndProject
Project("{FAE04EC0-301F-11D3-BF4B-00C04F79EFBC}") = "Oculus.Interaction", "Oculus.Interaction.csproj", "{6ed1a766-3b73-c346-8231-362d1ddc3298}"
EndProject
Project("{FAE04EC0-301F-11D3-BF4B-00C04F79EFBC}") = "Oculus.Interaction.OVR.Samples", "Oculus.Interaction.OVR.Samples.csproj", "{d1dba165-c0ed-62cc-d87b-283e15da736e}"
EndProject
Project("{FAE04EC0-301F-11D3-BF4B-00C04F79EFBC}") = "Oculus.VR", "Oculus.VR.csproj", "{3ce81bcb-fc39-c9ce-fea7-80d129e0b4c0}"
EndProject
Project("{FAE04EC0-301F-11D3-BF4B-00C04F79EFBC}") = "VoiceSDK.Dictation.Runtime", "VoiceSDK.Dictation.Runtime.csproj", "{844bc131-f89a-c431-92d2-913b7eeb6cea}"
EndProject
Project("{FAE04EC0-301F-11D3-BF4B-00C04F79EFBC}") = "Meta.WitAi.TTS", "Meta.WitAi.TTS.csproj", "{d95f09a8-47f9-605f-2da3-57a6ac3cd937}"
EndProject
Project("{FAE04EC0-301F-11D3-BF4B-00C04F79EFBC}") = "Meta.WitAi.Lib", "Meta.WitAi.Lib.csproj", "{1b37d9ac-1a75-afff-c734-a9b8a52e732a}"
EndProject
Project("{FAE04EC0-301F-11D3-BF4B-00C04F79EFBC}") = "Oculus.AudioManager", "Oculus.AudioManager.csproj", "{0ff8ff14-11b7-0173-d1a3-1b755df2f8f0}"
EndProject
Project("{FAE04EC0-301F-11D3-BF4B-00C04F79EFBC}") = "Meta.Voice.Hub.Runtime", "Meta.Voice.Hub.Runtime.csproj", "{0c3ef6e5-a482-a46b-7a11-8ad09bd95558}"
EndProject
Project("{FAE04EC0-301F-11D3-BF4B-00C04F79EFBC}") = "VoiceSDK.Runtime", "VoiceSDK.Runtime.csproj", "{93198d20-4c2b-70bc-5d73-c3d5487bf18f}"
EndProject
Project("{FAE04EC0-301F-11D3-BF4B-00C04F79EFBC}") = "Facebook.Wit.Dictation", "Facebook.Wit.Dictation.csproj", "{3bc499eb-f5c5-acc4-1430-92647019b7d8}"
EndProject
Project("{FAE04EC0-301F-11D3-BF4B-00C04F79EFBC}") = "Meta.WitAi.TTS.Samples", "Meta.WitAi.TTS.Samples.csproj", "{9196e00c-0518-c59a-e1f3-1eae01ef93f1}"
EndProject
Project("{FAE04EC0-301F-11D3-BF4B-00C04F79EFBC}") = "Oculus.Voice.Demo", "Oculus.Voice.Demo.csproj", "{87d3e5e3-0091-a998-fbda-1d8ba8922827}"
EndProject
Project("{FAE04EC0-301F-11D3-BF4B-00C04F79EFBC}") = "Oculus.Interaction.OVR", "Oculus.Interaction.OVR.csproj", "{1facfb03-6d6b-db3e-a69f-47418f0de7f6}"
EndProject
Project("{FAE04EC0-301F-11D3-BF4B-00C04F79EFBC}") = "AssistantCoreSDKRuntime", "AssistantCoreSDKRuntime.csproj", "{ba49b870-8d50-be25-25c2-229210736930}"
EndProject
Project("{FAE04EC0-301F-11D3-BF4B-00C04F79EFBC}") = "Meta.WitAi.Conduit", "Meta.WitAi.Conduit.csproj", "{9c0ba09f-f08a-c76a-1ad6-99fbcd94c718}"
EndProject
Project("{FAE04EC0-301F-11D3-BF4B-00C04F79EFBC}") = "Oculus.LipSync", "Oculus.LipSync.csproj", "{3d3b2202-9a7e-0678-36df-9a69a762e662}"
EndProject
Project("{FAE04EC0-301F-11D3-BF4B-00C04F79EFBC}") = "Meta.VoiceSDK.Mic.Other", "Meta.VoiceSDK.Mic.Other.csproj", "{f90650c9-9cbf-8420-cbd0-64d090dd4b63}"
EndProject
Project("{FAE04EC0-301F-11D3-BF4B-00C04F79EFBC}") = "Meta.VoiceSDK.Mic.Common", "Meta.VoiceSDK.Mic.Common.csproj", "{5c068450-902e-8ffd-5ac8-ad7ef48edb18}"
EndProject
Project("{FAE04EC0-301F-11D3-BF4B-00C04F79EFBC}") = "Meta.VoiceSDK.Mic.WebGL", "Meta.VoiceSDK.Mic.WebGL.csproj", "{5d431364-3aa2-5d8d-2374-225d50a8a133}"
EndProject
Project("{FAE04EC0-301F-11D3-BF4B-00C04F79EFBC}") = "Meta.WitAi.Editor", "Meta.WitAi.Editor.csproj", "{e0ef40e5-f7e3-6dca-ed9d-ac256940b3bc}"
EndProject
Project("{FAE04EC0-301F-11D3-BF4B-00C04F79EFBC}") = "Oculus.Interaction.Editor", "Oculus.Interaction.Editor.csproj", "{bc5017b9-661b-522e-940e-5730ed569f08}"
EndProject
Project("{FAE04EC0-301F-11D3-BF4B-00C04F79EFBC}") = "Meta.Voice.Hub.Editor", "Meta.Voice.Hub.Editor.csproj", "{d4b98618-ded6-05c6-2266-7a7e70a341d9}"
EndProject
Project("{FAE04EC0-301F-11D3-BF4B-00C04F79EFBC}") = "Meta.WitAI.Lib.Editor", "Meta.WitAI.Lib.Editor.csproj", "{3d20f8bc-ac84-311b-42b0-feab15c3a37e}"
EndProject
Project("{FAE04EC0-301F-11D3-BF4B-00C04F79EFBC}") = "Oculus.VR.Editor", "Oculus.VR.Editor.csproj", "{6e666183-86dd-f9ab-0ede-b8ab94581f11}"
EndProject
Project("{FAE04EC0-301F-11D3-BF4B-00C04F79EFBC}") = "Meta.WitAi.Conduit.Editor", "Meta.WitAi.Conduit.Editor.csproj", "{18aa9f97-36c9-c602-f28d-566baabf04e8}"
EndProject
Project("{FAE04EC0-301F-11D3-BF4B-00C04F79EFBC}") = "Assembly-CSharp-Editor", "Assembly-CSharp-Editor.csproj", "{da4cb322-0d6a-2989-7f5a-5ab25faf8a51}"
EndProject
Project("{FAE04EC0-301F-11D3-BF4B-00C04F79EFBC}") = "Oculus.Interaction.OVR.Editor", "Oculus.Interaction.OVR.Editor.csproj", "{de72d329-b149-1883-580d-28b4432d42d5}"
EndProject
Project("{FAE04EC0-301F-11D3-BF4B-00C04F79EFBC}") = "Oculus.Interaction.Samples.Editor", "Oculus.Interaction.Samples.Editor.csproj", "{22424f87-d92c-c5ff-58ba-1a224868daa7}"
EndProject
Project("{FAE04EC0-301F-11D3-BF4B-00C04F79EFBC}") = "Oculus.VR.Scripts.Editor", "Oculus.VR.Scripts.Editor.csproj", "{e7463254-1450-1916-4c5f-311b55be8b40}"
EndProject
Project("{FAE04EC0-301F-11D3-BF4B-00C04F79EFBC}") = "VoiceSDK.Editor", "VoiceSDK.Editor.csproj", "{84f8c985-0f20-8fd2-ecc0-714987e084b8}"
EndProject
Project("{FAE04EC0-301F-11D3-BF4B-00C04F79EFBC}") = "Oculus.Spatializer.Editor", "Oculus.Spatializer.Editor.csproj", "{708de77d-c6d1-e99a-653c-6979a69bc504}"
EndProject
Project("{FAE04EC0-301F-11D3-BF4B-00C04F79EFBC}") = "Meta.WitAi.TTS.Editor", "Meta.WitAi.TTS.Editor.csproj", "{351b4e02-4292-4933-9359-fb28e6cc00a7}"
EndProject
Project("{FAE04EC0-301F-11D3-BF4B-00C04F79EFBC}") = "Facebook.Wit.Dictation.Editor", "Facebook.Wit.Dictation.Editor.csproj", "{d42af512-0c44-1b79-61b6-a258ad76691e}"
EndProject
Project("{FAE04EC0-301F-11D3-BF4B-00C04F79EFBC}") = "Oculus.Platform.Editor", "Oculus.Platform.Editor.csproj", "{29230c40-5c44-da92-c5b9-6e9a717075ba}"
EndProject
Project("{FAE04EC0-301F-11D3-BF4B-00C04F79EFBC}") = "VoiceSDK.Dictation.Editor", "VoiceSDK.Dictation.Editor.csproj", "{6ed26a46-05f1-20a0-df4b-2a519a97b2ea}"
EndProject
Project("{FAE04EC0-301F-11D3-BF4B-00C04F79EFBC}") = "Oculus.AudioManager.Audio.Editor", "Oculus.AudioManager.Audio.Editor.csproj", "{dc53508a-4aab-01e9-11fb-282530c07fd3}"
EndProject
Project("{FAE04EC0-301F-11D3-BF4B-00C04F79EFBC}") = "Oculus.Interaction.InterfaceSupport", "Oculus.Interaction.InterfaceSupport.csproj", "{595c8db9-b67b-eb2f-6194-551cff88b323}"
EndProject
Project("{FAE04EC0-301F-11D3-BF4B-00C04F79EFBC}") = "Oculus.LipSync.Editor", "Oculus.LipSync.Editor.csproj", "{10169698-e095-1838-307e-504b9b854bc9}"
EndProject
Project("{FAE04EC0-301F-11D3-BF4B-00C04F79EFBC}") = "Meta.Voice.VSDKHub.Editor", "Meta.Voice.VSDKHub.Editor.csproj", "{704c8ca1-561e-5657-c68c-85228a51d1e4}"
EndProject
Project("{FAE04EC0-301F-11D3-BF4B-00C04F79EFBC}") = "AssistantCoreSDKEditor", "AssistantCoreSDKEditor.csproj", "{4ee6cc0e-cc3e-1d8d-955d-66d29aed8ebe}"
EndProject
Project("{FAE04EC0-301F-11D3-BF4B-00C04F79EFBC}") = "Oculus.AudioManager.Utils.Editor", "Oculus.AudioManager.Utils.Editor.csproj", "{6b1b64e7-fb83-5001-b28a-847bc6caa70c}"
EndProject
Global
	GlobalSection(SolutionConfigurationPlatforms) = preSolution
		Debug|Any CPU = Debug|Any CPU
	EndGlobalSection
	GlobalSection(ProjectConfigurationPlatforms) = postSolution
		{70bebfa5-1b1c-1ef6-ec7b-e0bc5ffed0af}.Debug|Any CPU.ActiveCfg = Debug|Any CPU
		{70bebfa5-1b1c-1ef6-ec7b-e0bc5ffed0af}.Debug|Any CPU.Build.0 = Debug|Any CPU
		{b88fdd1c-51df-b089-20c1-dada831038f4}.Debug|Any CPU.ActiveCfg = Debug|Any CPU
		{b88fdd1c-51df-b089-20c1-dada831038f4}.Debug|Any CPU.Build.0 = Debug|Any CPU
		{5defa04b-a126-68e5-23de-eeb51b1a620e}.Debug|Any CPU.ActiveCfg = Debug|Any CPU
		{5defa04b-a126-68e5-23de-eeb51b1a620e}.Debug|Any CPU.Build.0 = Debug|Any CPU
		{d5a98c7a-9222-1d49-2504-48baffb57188}.Debug|Any CPU.ActiveCfg = Debug|Any CPU
		{d5a98c7a-9222-1d49-2504-48baffb57188}.Debug|Any CPU.Build.0 = Debug|Any CPU
		{6ed1a766-3b73-c346-8231-362d1ddc3298}.Debug|Any CPU.ActiveCfg = Debug|Any CPU
		{6ed1a766-3b73-c346-8231-362d1ddc3298}.Debug|Any CPU.Build.0 = Debug|Any CPU
		{d1dba165-c0ed-62cc-d87b-283e15da736e}.Debug|Any CPU.ActiveCfg = Debug|Any CPU
		{d1dba165-c0ed-62cc-d87b-283e15da736e}.Debug|Any CPU.Build.0 = Debug|Any CPU
		{3ce81bcb-fc39-c9ce-fea7-80d129e0b4c0}.Debug|Any CPU.ActiveCfg = Debug|Any CPU
		{3ce81bcb-fc39-c9ce-fea7-80d129e0b4c0}.Debug|Any CPU.Build.0 = Debug|Any CPU
		{844bc131-f89a-c431-92d2-913b7eeb6cea}.Debug|Any CPU.ActiveCfg = Debug|Any CPU
		{844bc131-f89a-c431-92d2-913b7eeb6cea}.Debug|Any CPU.Build.0 = Debug|Any CPU
		{d95f09a8-47f9-605f-2da3-57a6ac3cd937}.Debug|Any CPU.ActiveCfg = Debug|Any CPU
		{d95f09a8-47f9-605f-2da3-57a6ac3cd937}.Debug|Any CPU.Build.0 = Debug|Any CPU
		{1b37d9ac-1a75-afff-c734-a9b8a52e732a}.Debug|Any CPU.ActiveCfg = Debug|Any CPU
		{1b37d9ac-1a75-afff-c734-a9b8a52e732a}.Debug|Any CPU.Build.0 = Debug|Any CPU
		{0ff8ff14-11b7-0173-d1a3-1b755df2f8f0}.Debug|Any CPU.ActiveCfg = Debug|Any CPU
		{0ff8ff14-11b7-0173-d1a3-1b755df2f8f0}.Debug|Any CPU.Build.0 = Debug|Any CPU
		{0c3ef6e5-a482-a46b-7a11-8ad09bd95558}.Debug|Any CPU.ActiveCfg = Debug|Any CPU
		{0c3ef6e5-a482-a46b-7a11-8ad09bd95558}.Debug|Any CPU.Build.0 = Debug|Any CPU
		{93198d20-4c2b-70bc-5d73-c3d5487bf18f}.Debug|Any CPU.ActiveCfg = Debug|Any CPU
		{93198d20-4c2b-70bc-5d73-c3d5487bf18f}.Debug|Any CPU.Build.0 = Debug|Any CPU
		{3bc499eb-f5c5-acc4-1430-92647019b7d8}.Debug|Any CPU.ActiveCfg = Debug|Any CPU
		{3bc499eb-f5c5-acc4-1430-92647019b7d8}.Debug|Any CPU.Build.0 = Debug|Any CPU
		{9196e00c-0518-c59a-e1f3-1eae01ef93f1}.Debug|Any CPU.ActiveCfg = Debug|Any CPU
		{9196e00c-0518-c59a-e1f3-1eae01ef93f1}.Debug|Any CPU.Build.0 = Debug|Any CPU
		{87d3e5e3-0091-a998-fbda-1d8ba8922827}.Debug|Any CPU.ActiveCfg = Debug|Any CPU
		{87d3e5e3-0091-a998-fbda-1d8ba8922827}.Debug|Any CPU.Build.0 = Debug|Any CPU
		{1facfb03-6d6b-db3e-a69f-47418f0de7f6}.Debug|Any CPU.ActiveCfg = Debug|Any CPU
		{1facfb03-6d6b-db3e-a69f-47418f0de7f6}.Debug|Any CPU.Build.0 = Debug|Any CPU
		{ba49b870-8d50-be25-25c2-229210736930}.Debug|Any CPU.ActiveCfg = Debug|Any CPU
		{ba49b870-8d50-be25-25c2-229210736930}.Debug|Any CPU.Build.0 = Debug|Any CPU
		{9c0ba09f-f08a-c76a-1ad6-99fbcd94c718}.Debug|Any CPU.ActiveCfg = Debug|Any CPU
		{9c0ba09f-f08a-c76a-1ad6-99fbcd94c718}.Debug|Any CPU.Build.0 = Debug|Any CPU
		{3d3b2202-9a7e-0678-36df-9a69a762e662}.Debug|Any CPU.ActiveCfg = Debug|Any CPU
		{3d3b2202-9a7e-0678-36df-9a69a762e662}.Debug|Any CPU.Build.0 = Debug|Any CPU
		{f90650c9-9cbf-8420-cbd0-64d090dd4b63}.Debug|Any CPU.ActiveCfg = Debug|Any CPU
		{f90650c9-9cbf-8420-cbd0-64d090dd4b63}.Debug|Any CPU.Build.0 = Debug|Any CPU
		{5c068450-902e-8ffd-5ac8-ad7ef48edb18}.Debug|Any CPU.ActiveCfg = Debug|Any CPU
		{5c068450-902e-8ffd-5ac8-ad7ef48edb18}.Debug|Any CPU.Build.0 = Debug|Any CPU
		{5d431364-3aa2-5d8d-2374-225d50a8a133}.Debug|Any CPU.ActiveCfg = Debug|Any CPU
		{5d431364-3aa2-5d8d-2374-225d50a8a133}.Debug|Any CPU.Build.0 = Debug|Any CPU
		{e0ef40e5-f7e3-6dca-ed9d-ac256940b3bc}.Debug|Any CPU.ActiveCfg = Debug|Any CPU
		{e0ef40e5-f7e3-6dca-ed9d-ac256940b3bc}.Debug|Any CPU.Build.0 = Debug|Any CPU
		{bc5017b9-661b-522e-940e-5730ed569f08}.Debug|Any CPU.ActiveCfg = Debug|Any CPU
		{bc5017b9-661b-522e-940e-5730ed569f08}.Debug|Any CPU.Build.0 = Debug|Any CPU
		{d4b98618-ded6-05c6-2266-7a7e70a341d9}.Debug|Any CPU.ActiveCfg = Debug|Any CPU
		{d4b98618-ded6-05c6-2266-7a7e70a341d9}.Debug|Any CPU.Build.0 = Debug|Any CPU
		{3d20f8bc-ac84-311b-42b0-feab15c3a37e}.Debug|Any CPU.ActiveCfg = Debug|Any CPU
		{3d20f8bc-ac84-311b-42b0-feab15c3a37e}.Debug|Any CPU.Build.0 = Debug|Any CPU
		{6e666183-86dd-f9ab-0ede-b8ab94581f11}.Debug|Any CPU.ActiveCfg = Debug|Any CPU
		{6e666183-86dd-f9ab-0ede-b8ab94581f11}.Debug|Any CPU.Build.0 = Debug|Any CPU
		{18aa9f97-36c9-c602-f28d-566baabf04e8}.Debug|Any CPU.ActiveCfg = Debug|Any CPU
		{18aa9f97-36c9-c602-f28d-566baabf04e8}.Debug|Any CPU.Build.0 = Debug|Any CPU
		{da4cb322-0d6a-2989-7f5a-5ab25faf8a51}.Debug|Any CPU.ActiveCfg = Debug|Any CPU
		{da4cb322-0d6a-2989-7f5a-5ab25faf8a51}.Debug|Any CPU.Build.0 = Debug|Any CPU
		{de72d329-b149-1883-580d-28b4432d42d5}.Debug|Any CPU.ActiveCfg = Debug|Any CPU
		{de72d329-b149-1883-580d-28b4432d42d5}.Debug|Any CPU.Build.0 = Debug|Any CPU
		{22424f87-d92c-c5ff-58ba-1a224868daa7}.Debug|Any CPU.ActiveCfg = Debug|Any CPU
		{22424f87-d92c-c5ff-58ba-1a224868daa7}.Debug|Any CPU.Build.0 = Debug|Any CPU
		{e7463254-1450-1916-4c5f-311b55be8b40}.Debug|Any CPU.ActiveCfg = Debug|Any CPU
		{e7463254-1450-1916-4c5f-311b55be8b40}.Debug|Any CPU.Build.0 = Debug|Any CPU
		{84f8c985-0f20-8fd2-ecc0-714987e084b8}.Debug|Any CPU.ActiveCfg = Debug|Any CPU
		{84f8c985-0f20-8fd2-ecc0-714987e084b8}.Debug|Any CPU.Build.0 = Debug|Any CPU
		{708de77d-c6d1-e99a-653c-6979a69bc504}.Debug|Any CPU.ActiveCfg = Debug|Any CPU
		{708de77d-c6d1-e99a-653c-6979a69bc504}.Debug|Any CPU.Build.0 = Debug|Any CPU
		{351b4e02-4292-4933-9359-fb28e6cc00a7}.Debug|Any CPU.ActiveCfg = Debug|Any CPU
		{351b4e02-4292-4933-9359-fb28e6cc00a7}.Debug|Any CPU.Build.0 = Debug|Any CPU
		{d42af512-0c44-1b79-61b6-a258ad76691e}.Debug|Any CPU.ActiveCfg = Debug|Any CPU
		{d42af512-0c44-1b79-61b6-a258ad76691e}.Debug|Any CPU.Build.0 = Debug|Any CPU
		{29230c40-5c44-da92-c5b9-6e9a717075ba}.Debug|Any CPU.ActiveCfg = Debug|Any CPU
		{29230c40-5c44-da92-c5b9-6e9a717075ba}.Debug|Any CPU.Build.0 = Debug|Any CPU
		{6ed26a46-05f1-20a0-df4b-2a519a97b2ea}.Debug|Any CPU.ActiveCfg = Debug|Any CPU
		{6ed26a46-05f1-20a0-df4b-2a519a97b2ea}.Debug|Any CPU.Build.0 = Debug|Any CPU
		{dc53508a-4aab-01e9-11fb-282530c07fd3}.Debug|Any CPU.ActiveCfg = Debug|Any CPU
		{dc53508a-4aab-01e9-11fb-282530c07fd3}.Debug|Any CPU.Build.0 = Debug|Any CPU
		{595c8db9-b67b-eb2f-6194-551cff88b323}.Debug|Any CPU.ActiveCfg = Debug|Any CPU
		{595c8db9-b67b-eb2f-6194-551cff88b323}.Debug|Any CPU.Build.0 = Debug|Any CPU
		{10169698-e095-1838-307e-504b9b854bc9}.Debug|Any CPU.ActiveCfg = Debug|Any CPU
		{10169698-e095-1838-307e-504b9b854bc9}.Debug|Any CPU.Build.0 = Debug|Any CPU
		{704c8ca1-561e-5657-c68c-85228a51d1e4}.Debug|Any CPU.ActiveCfg = Debug|Any CPU
		{704c8ca1-561e-5657-c68c-85228a51d1e4}.Debug|Any CPU.Build.0 = Debug|Any CPU
		{4ee6cc0e-cc3e-1d8d-955d-66d29aed8ebe}.Debug|Any CPU.ActiveCfg = Debug|Any CPU
		{4ee6cc0e-cc3e-1d8d-955d-66d29aed8ebe}.Debug|Any CPU.Build.0 = Debug|Any CPU
		{6b1b64e7-fb83-5001-b28a-847bc6caa70c}.Debug|Any CPU.ActiveCfg = Debug|Any CPU
		{6b1b64e7-fb83-5001-b28a-847bc6caa70c}.Debug|Any CPU.Build.0 = Debug|Any CPU
	EndGlobalSection
	GlobalSection(SolutionProperties) = preSolution
		HideSolutionNode = FALSE
	EndGlobalSection
EndGlobal
