
Microsoft Visual Studio Solution File, Format Version 12.00
# Visual Studio 15
Project("{FAE04EC0-301F-11D3-BF4B-00C04F79EFBC}") = "Assembly-CSharp", "Assembly-CSharp.csproj", "{A19E7728-3108-F3EB-5E8F-E67B2FE7EB30}"
EndProject
Project("{FAE04EC0-301F-11D3-BF4B-00C04F79EFBC}") = "Assembly-CSharp-Editor", "Assembly-CSharp-Editor.csproj", "{FF83B76A-2820-F14F-0ECE-C8E66A6D5380}"
EndProject
Global
	GlobalSection(SolutionConfigurationPlatforms) = preSolution
		Debug|Any CPU = Debug|Any CPU
		Release|Any CPU = Release|Any CPU
	EndGlobalSection
	GlobalSection(ProjectConfigurationPlatforms) = postSolution
		{A19E7728-3108-F3EB-5E8F-E67B2FE7EB30}.Debug|Any CPU.ActiveCfg = Debug|Any CPU
		{A19E7728-3108-F3EB-5E8F-E67B2FE7EB30}.Debug|Any CPU.Build.0 = Debug|Any CPU
		{A19E7728-3108-F3EB-5E8F-E67B2FE7EB30}.Release|Any CPU.ActiveCfg = Release|Any CPU
		{A19E7728-3108-F3EB-5E8F-E67B2FE7EB30}.Release|Any CPU.Build.0 = Release|Any CPU
		{FF83B76A-2820-F14F-0ECE-C8E66A6D5380}.Debug|Any CPU.ActiveCfg = Debug|Any CPU
		{FF83B76A-2820-F14F-0ECE-C8E66A6D5380}.Debug|Any CPU.Build.0 = Debug|Any CPU
		{FF83B76A-2820-F14F-0ECE-C8E66A6D5380}.Release|Any CPU.ActiveCfg = Release|Any CPU
		{FF83B76A-2820-F14F-0ECE-C8E66A6D5380}.Release|Any CPU.Build.0 = Release|Any CPU
	EndGlobalSection
	GlobalSection(SolutionProperties) = preSolution
		HideSolutionNode = FALSE
	EndGlobalSection
EndGlobal
