
Microsoft Visual Studio Solution File, Format Version 12.00
# Visual Studio 15
Project("{FAE04EC0-301F-11D3-BF4B-00C04F79EFBC}") = "Oculus.Platform", "Oculus.Platform.csproj", "{20C60BA0-E090-ABCE-4D6C-92B7D0AFB563}"
EndProject
Project("{FAE04EC0-301F-11D3-BF4B-00C04F79EFBC}") = "Assembly-CSharp", "Assembly-CSharp.csproj", "{A19E7728-3108-F3EB-5E8F-E67B2FE7EB30}"
EndProject
Project("{FAE04EC0-301F-11D3-BF4B-00C04F79EFBC}") = "Meta.WitAi", "Meta.WitAi.csproj", "{B8DF76B3-B190-14C8-E286-E268098C1199}"
EndProject
Project("{FAE04EC0-301F-11D3-BF4B-00C04F79EFBC}") = "Oculus.Spatializer", "Oculus.Spatializer.csproj", "{3557BE18-0EE3-459F-F431-4683B9FC44C0}"
EndProject
Project("{FAE04EC0-301F-11D3-BF4B-00C04F79EFBC}") = "Oculus.Interaction", "Oculus.Interaction.csproj", "{6BC98757-F08F-1AF8-9A30-1BBC697B96AC}"
EndProject
Project("{FAE04EC0-301F-11D3-BF4B-00C04F79EFBC}") = "Oculus.Interaction.OVR.Samples", "Oculus.Interaction.OVR.Samples.csproj", "{A2D208B9-C9EE-02F4-E287-EA33DD88A7A5}"
EndProject
Project("{FAE04EC0-301F-11D3-BF4B-00C04F79EFBC}") = "Oculus.VR", "Oculus.VR.csproj", "{C71277A6-2EA6-B19F-29C1-586DB3AEF8B0}"
EndProject
Project("{FAE04EC0-301F-11D3-BF4B-00C04F79EFBC}") = "VoiceSDK.Dictation.Runtime", "VoiceSDK.Dictation.Runtime.csproj", "{8856182E-2F1B-C3B3-B242-C896624DBCA7}"
EndProject
Project("{FAE04EC0-301F-11D3-BF4B-00C04F79EFBC}") = "Meta.WitAi.TTS", "Meta.WitAi.TTS.csproj", "{462AE05A-D20A-51C2-6996-813FCB6094D3}"
EndProject
Project("{FAE04EC0-301F-11D3-BF4B-00C04F79EFBC}") = "Meta.WitAi.Lib", "Meta.WitAi.Lib.csproj", "{FE7613B8-7A48-F0A8-A8B8-73ED0CB8B29D}"
EndProject
Project("{FAE04EC0-301F-11D3-BF4B-00C04F79EFBC}") = "Oculus.AudioManager", "Oculus.AudioManager.csproj", "{FD38E33D-FBA7-DB50-793B-87DB8F4B37B1}"
EndProject
Project("{FAE04EC0-301F-11D3-BF4B-00C04F79EFBC}") = "Meta.Voice.Hub.Runtime", "Meta.Voice.Hub.Runtime.csproj", "{1BB1EA7B-08B9-A6B4-857D-CDDC57D4B613}"
EndProject
Project("{FAE04EC0-301F-11D3-BF4B-00C04F79EFBC}") = "VoiceSDK.Runtime", "VoiceSDK.Runtime.csproj", "{E3DE7554-BFB9-3529-C32A-30A31BE9EAAC}"
EndProject
Project("{FAE04EC0-301F-11D3-BF4B-00C04F79EFBC}") = "Facebook.Wit.Dictation", "Facebook.Wit.Dictation.csproj", "{6F577630-0F90-F460-C451-20FA71C789C0}"
EndProject
Project("{FAE04EC0-301F-11D3-BF4B-00C04F79EFBC}") = "Meta.WitAi.TTS.Samples", "Meta.WitAi.TTS.Samples.csproj", "{02BB58A5-D1BF-820C-3F56-18DF0823DE4F}"
EndProject
Project("{FAE04EC0-301F-11D3-BF4B-00C04F79EFBC}") = "Oculus.Voice.Demo", "Oculus.Voice.Demo.csproj", "{98211CF4-577E-EB98-6900-C1448226EF97}"
EndProject
Project("{FAE04EC0-301F-11D3-BF4B-00C04F79EFBC}") = "Oculus.Interaction.OVR", "Oculus.Interaction.OVR.csproj", "{C7C3E83B-CE6E-DBBB-A579-41CFBB0C354C}"
EndProject
Project("{FAE04EC0-301F-11D3-BF4B-00C04F79EFBC}") = "AssistantCoreSDKRuntime", "AssistantCoreSDKRuntime.csproj", "{5E1766BE-20E3-BB02-CD61-28A55C900D78}"
EndProject
Project("{FAE04EC0-301F-11D3-BF4B-00C04F79EFBC}") = "Meta.WitAi.Conduit", "Meta.WitAi.Conduit.csproj", "{1F68873D-D7DA-BD0B-A33D-B5983DC5CF15}"
EndProject
Project("{FAE04EC0-301F-11D3-BF4B-00C04F79EFBC}") = "Oculus.LipSync", "Oculus.LipSync.csproj", "{7BC2E8CB-9E3A-FBCD-EB29-3518C3300261}"
EndProject
Project("{FAE04EC0-301F-11D3-BF4B-00C04F79EFBC}") = "Meta.VoiceSDK.Mic.Other", "Meta.VoiceSDK.Mic.Other.csproj", "{012D3170-747E-C96F-CB19-37DF02B50777}"
EndProject
Project("{FAE04EC0-301F-11D3-BF4B-00C04F79EFBC}") = "Meta.VoiceSDK.Mic.Common", "Meta.VoiceSDK.Mic.Common.csproj", "{BBF7534E-40F2-C423-E5C0-D6A90211E607}"
EndProject
Project("{FAE04EC0-301F-11D3-BF4B-00C04F79EFBC}") = "Meta.VoiceSDK.Mic.WebGL", "Meta.VoiceSDK.Mic.WebGL.csproj", "{526F65FD-A1CB-8CA5-1621-FA7DEEC52200}"
EndProject
Project("{FAE04EC0-301F-11D3-BF4B-00C04F79EFBC}") = "Meta.WitAi.Editor", "Meta.WitAi.Editor.csproj", "{8E0013AC-057A-F3C4-BF9E-58C3D021BEC9}"
EndProject
Project("{FAE04EC0-301F-11D3-BF4B-00C04F79EFBC}") = "Oculus.Interaction.Editor", "Oculus.Interaction.Editor.csproj", "{747910CE-45EC-01CD-42B7-8D0E81E50E3D}"
EndProject
Project("{FAE04EC0-301F-11D3-BF4B-00C04F79EFBC}") = "Meta.Voice.Hub.Editor", "Meta.Voice.Hub.Editor.csproj", "{638BC315-BED8-0A2A-D67F-EABDD364AABF}"
EndProject
Project("{FAE04EC0-301F-11D3-BF4B-00C04F79EFBC}") = "Meta.WitAI.Lib.Editor", "Meta.WitAI.Lib.Editor.csproj", "{109AD755-193A-726A-017B-8CC761EED05D}"
EndProject
Project("{FAE04EC0-301F-11D3-BF4B-00C04F79EFBC}") = "Oculus.VR.Editor", "Oculus.VR.Editor.csproj", "{C99896C6-DE96-38CC-BF57-9F37BAC3627E}"
EndProject
Project("{FAE04EC0-301F-11D3-BF4B-00C04F79EFBC}") = "Meta.WitAi.Conduit.Editor", "Meta.WitAi.Conduit.Editor.csproj", "{29A9B3CE-54B3-8310-FCE8-8086A11B3862}"
EndProject
Project("{FAE04EC0-301F-11D3-BF4B-00C04F79EFBC}") = "Assembly-CSharp-Editor", "Assembly-CSharp-Editor.csproj", "{FF83B76A-2820-F14F-0ECE-C8E66A6D5380}"
EndProject
Project("{FAE04EC0-301F-11D3-BF4B-00C04F79EFBC}") = "Oculus.Interaction.OVR.Editor", "Oculus.Interaction.OVR.Editor.csproj", "{7F3FB1E4-0E8C-8A04-6795-3A612221CCDB}"
EndProject
Project("{FAE04EC0-301F-11D3-BF4B-00C04F79EFBC}") = "Oculus.Interaction.Samples.Editor", "Oculus.Interaction.Samples.Editor.csproj", "{D20DB75F-EFE0-E5F7-81C7-DB1D704D3813}"
EndProject
Project("{FAE04EC0-301F-11D3-BF4B-00C04F79EFBC}") = "Oculus.VR.Scripts.Editor", "Oculus.VR.Scripts.Editor.csproj", "{0B9702CA-9AB0-6919-25D5-E8EE4B7C23FD}"
EndProject
Project("{FAE04EC0-301F-11D3-BF4B-00C04F79EFBC}") = "VoiceSDK.Editor", "VoiceSDK.Editor.csproj", "{28E8DE0B-4058-6362-D7DD-9F253632A50C}"
EndProject
Project("{FAE04EC0-301F-11D3-BF4B-00C04F79EFBC}") = "Oculus.Spatializer.Editor", "Oculus.Spatializer.Editor.csproj", "{CB2B0C9B-5D00-0EF6-6662-0C59D90DD074}"
EndProject
Project("{FAE04EC0-301F-11D3-BF4B-00C04F79EFBC}") = "Meta.WitAi.TTS.Editor", "Meta.WitAi.TTS.Editor.csproj", "{85B10BE0-0C62-769F-362B-B8B57ADFFDFD}"
EndProject
Project("{FAE04EC0-301F-11D3-BF4B-00C04F79EFBC}") = "Facebook.Wit.Dictation.Editor", "Facebook.Wit.Dictation.Editor.csproj", "{23CB81BA-240D-7C0A-FD3C-107194721BDD}"
EndProject
Project("{FAE04EC0-301F-11D3-BF4B-00C04F79EFBC}") = "Oculus.Platform.Editor", "Oculus.Platform.Editor.csproj", "{DBFE4B02-D625-1675-A275-EE31D7C27221}"
EndProject
Project("{FAE04EC0-301F-11D3-BF4B-00C04F79EFBC}") = "VoiceSDK.Dictation.Editor", "VoiceSDK.Dictation.Editor.csproj", "{8B1A1FDB-0F24-666A-ECC3-A90386692341}"
EndProject
Project("{FAE04EC0-301F-11D3-BF4B-00C04F79EFBC}") = "Oculus.AudioManager.Audio.Editor", "Oculus.AudioManager.Audio.Editor.csproj", "{E8663DC5-C8F1-0AED-B6F9-E8C6F9598A10}"
EndProject
Project("{FAE04EC0-301F-11D3-BF4B-00C04F79EFBC}") = "Oculus.Interaction.InterfaceSupport", "Oculus.Interaction.InterfaceSupport.csproj", "{18E651E6-65D6-9EC8-2E8C-47AD4E1B7EB3}"
EndProject
Project("{FAE04EC0-301F-11D3-BF4B-00C04F79EFBC}") = "Oculus.LipSync.Editor", "Oculus.LipSync.Editor.csproj", "{C7A53047-9B99-B5AA-908B-CDB9CA4DC1F4}"
EndProject
Project("{FAE04EC0-301F-11D3-BF4B-00C04F79EFBC}") = "Meta.Voice.VSDKHub.Editor", "Meta.Voice.VSDKHub.Editor.csproj", "{92381238-2D78-8E21-028E-1FE23D601A31}"
EndProject
Project("{FAE04EC0-301F-11D3-BF4B-00C04F79EFBC}") = "AssistantCoreSDKEditor", "AssistantCoreSDKEditor.csproj", "{9F60A64F-E09D-662F-8C13-3AEF48EF160E}"
EndProject
Project("{FAE04EC0-301F-11D3-BF4B-00C04F79EFBC}") = "Oculus.AudioManager.Utils.Editor", "Oculus.AudioManager.Utils.Editor.csproj", "{6E30AE1A-F2E9-CD83-4662-C0C4E6967D64}"
EndProject
Global
	GlobalSection(SolutionConfigurationPlatforms) = preSolution
		Debug|Any CPU = Debug|Any CPU
		Release|Any CPU = Release|Any CPU
	EndGlobalSection
	GlobalSection(ProjectConfigurationPlatforms) = postSolution
		{20C60BA0-E090-ABCE-4D6C-92B7D0AFB563}.Debug|Any CPU.ActiveCfg = Debug|Any CPU
		{20C60BA0-E090-ABCE-4D6C-92B7D0AFB563}.Debug|Any CPU.Build.0 = Debug|Any CPU
		{20C60BA0-E090-ABCE-4D6C-92B7D0AFB563}.Release|Any CPU.ActiveCfg = Release|Any CPU
		{20C60BA0-E090-ABCE-4D6C-92B7D0AFB563}.Release|Any CPU.Build.0 = Release|Any CPU
		{A19E7728-3108-F3EB-5E8F-E67B2FE7EB30}.Debug|Any CPU.ActiveCfg = Debug|Any CPU
		{A19E7728-3108-F3EB-5E8F-E67B2FE7EB30}.Debug|Any CPU.Build.0 = Debug|Any CPU
		{A19E7728-3108-F3EB-5E8F-E67B2FE7EB30}.Release|Any CPU.ActiveCfg = Release|Any CPU
		{A19E7728-3108-F3EB-5E8F-E67B2FE7EB30}.Release|Any CPU.Build.0 = Release|Any CPU
		{B8DF76B3-B190-14C8-E286-E268098C1199}.Debug|Any CPU.ActiveCfg = Debug|Any CPU
		{B8DF76B3-B190-14C8-E286-E268098C1199}.Debug|Any CPU.Build.0 = Debug|Any CPU
		{B8DF76B3-B190-14C8-E286-E268098C1199}.Release|Any CPU.ActiveCfg = Release|Any CPU
		{B8DF76B3-B190-14C8-E286-E268098C1199}.Release|Any CPU.Build.0 = Release|Any CPU
		{3557BE18-0EE3-459F-F431-4683B9FC44C0}.Debug|Any CPU.ActiveCfg = Debug|Any CPU
		{3557BE18-0EE3-459F-F431-4683B9FC44C0}.Debug|Any CPU.Build.0 = Debug|Any CPU
		{3557BE18-0EE3-459F-F431-4683B9FC44C0}.Release|Any CPU.ActiveCfg = Release|Any CPU
		{3557BE18-0EE3-459F-F431-4683B9FC44C0}.Release|Any CPU.Build.0 = Release|Any CPU
		{6BC98757-F08F-1AF8-9A30-1BBC697B96AC}.Debug|Any CPU.ActiveCfg = Debug|Any CPU
		{6BC98757-F08F-1AF8-9A30-1BBC697B96AC}.Debug|Any CPU.Build.0 = Debug|Any CPU
		{6BC98757-F08F-1AF8-9A30-1BBC697B96AC}.Release|Any CPU.ActiveCfg = Release|Any CPU
		{6BC98757-F08F-1AF8-9A30-1BBC697B96AC}.Release|Any CPU.Build.0 = Release|Any CPU
		{A2D208B9-C9EE-02F4-E287-EA33DD88A7A5}.Debug|Any CPU.ActiveCfg = Debug|Any CPU
		{A2D208B9-C9EE-02F4-E287-EA33DD88A7A5}.Debug|Any CPU.Build.0 = Debug|Any CPU
		{A2D208B9-C9EE-02F4-E287-EA33DD88A7A5}.Release|Any CPU.ActiveCfg = Release|Any CPU
		{A2D208B9-C9EE-02F4-E287-EA33DD88A7A5}.Release|Any CPU.Build.0 = Release|Any CPU
		{C71277A6-2EA6-B19F-29C1-586DB3AEF8B0}.Debug|Any CPU.ActiveCfg = Debug|Any CPU
		{C71277A6-2EA6-B19F-29C1-586DB3AEF8B0}.Debug|Any CPU.Build.0 = Debug|Any CPU
		{C71277A6-2EA6-B19F-29C1-586DB3AEF8B0}.Release|Any CPU.ActiveCfg = Release|Any CPU
		{C71277A6-2EA6-B19F-29C1-586DB3AEF8B0}.Release|Any CPU.Build.0 = Release|Any CPU
		{8856182E-2F1B-C3B3-B242-C896624DBCA7}.Debug|Any CPU.ActiveCfg = Debug|Any CPU
		{8856182E-2F1B-C3B3-B242-C896624DBCA7}.Debug|Any CPU.Build.0 = Debug|Any CPU
		{8856182E-2F1B-C3B3-B242-C896624DBCA7}.Release|Any CPU.ActiveCfg = Release|Any CPU
		{8856182E-2F1B-C3B3-B242-C896624DBCA7}.Release|Any CPU.Build.0 = Release|Any CPU
		{462AE05A-D20A-51C2-6996-813FCB6094D3}.Debug|Any CPU.ActiveCfg = Debug|Any CPU
		{462AE05A-D20A-51C2-6996-813FCB6094D3}.Debug|Any CPU.Build.0 = Debug|Any CPU
		{462AE05A-D20A-51C2-6996-813FCB6094D3}.Release|Any CPU.ActiveCfg = Release|Any CPU
		{462AE05A-D20A-51C2-6996-813FCB6094D3}.Release|Any CPU.Build.0 = Release|Any CPU
		{FE7613B8-7A48-F0A8-A8B8-73ED0CB8B29D}.Debug|Any CPU.ActiveCfg = Debug|Any CPU
		{FE7613B8-7A48-F0A8-A8B8-73ED0CB8B29D}.Debug|Any CPU.Build.0 = Debug|Any CPU
		{FE7613B8-7A48-F0A8-A8B8-73ED0CB8B29D}.Release|Any CPU.ActiveCfg = Release|Any CPU
		{FE7613B8-7A48-F0A8-A8B8-73ED0CB8B29D}.Release|Any CPU.Build.0 = Release|Any CPU
		{FD38E33D-FBA7-DB50-793B-87DB8F4B37B1}.Debug|Any CPU.ActiveCfg = Debug|Any CPU
		{FD38E33D-FBA7-DB50-793B-87DB8F4B37B1}.Debug|Any CPU.Build.0 = Debug|Any CPU
		{FD38E33D-FBA7-DB50-793B-87DB8F4B37B1}.Release|Any CPU.ActiveCfg = Release|Any CPU
		{FD38E33D-FBA7-DB50-793B-87DB8F4B37B1}.Release|Any CPU.Build.0 = Release|Any CPU
		{1BB1EA7B-08B9-A6B4-857D-CDDC57D4B613}.Debug|Any CPU.ActiveCfg = Debug|Any CPU
		{1BB1EA7B-08B9-A6B4-857D-CDDC57D4B613}.Debug|Any CPU.Build.0 = Debug|Any CPU
		{1BB1EA7B-08B9-A6B4-857D-CDDC57D4B613}.Release|Any CPU.ActiveCfg = Release|Any CPU
		{1BB1EA7B-08B9-A6B4-857D-CDDC57D4B613}.Release|Any CPU.Build.0 = Release|Any CPU
		{E3DE7554-BFB9-3529-C32A-30A31BE9EAAC}.Debug|Any CPU.ActiveCfg = Debug|Any CPU
		{E3DE7554-BFB9-3529-C32A-30A31BE9EAAC}.Debug|Any CPU.Build.0 = Debug|Any CPU
		{E3DE7554-BFB9-3529-C32A-30A31BE9EAAC}.Release|Any CPU.ActiveCfg = Release|Any CPU
		{E3DE7554-BFB9-3529-C32A-30A31BE9EAAC}.Release|Any CPU.Build.0 = Release|Any CPU
		{6F577630-0F90-F460-C451-20FA71C789C0}.Debug|Any CPU.ActiveCfg = Debug|Any CPU
		{6F577630-0F90-F460-C451-20FA71C789C0}.Debug|Any CPU.Build.0 = Debug|Any CPU
		{6F577630-0F90-F460-C451-20FA71C789C0}.Release|Any CPU.ActiveCfg = Release|Any CPU
		{6F577630-0F90-F460-C451-20FA71C789C0}.Release|Any CPU.Build.0 = Release|Any CPU
		{02BB58A5-D1BF-820C-3F56-18DF0823DE4F}.Debug|Any CPU.ActiveCfg = Debug|Any CPU
		{02BB58A5-D1BF-820C-3F56-18DF0823DE4F}.Debug|Any CPU.Build.0 = Debug|Any CPU
		{02BB58A5-D1BF-820C-3F56-18DF0823DE4F}.Release|Any CPU.ActiveCfg = Release|Any CPU
		{02BB58A5-D1BF-820C-3F56-18DF0823DE4F}.Release|Any CPU.Build.0 = Release|Any CPU
		{98211CF4-577E-EB98-6900-C1448226EF97}.Debug|Any CPU.ActiveCfg = Debug|Any CPU
		{98211CF4-577E-EB98-6900-C1448226EF97}.Debug|Any CPU.Build.0 = Debug|Any CPU
		{98211CF4-577E-EB98-6900-C1448226EF97}.Release|Any CPU.ActiveCfg = Release|Any CPU
		{98211CF4-577E-EB98-6900-C1448226EF97}.Release|Any CPU.Build.0 = Release|Any CPU
		{C7C3E83B-CE6E-DBBB-A579-41CFBB0C354C}.Debug|Any CPU.ActiveCfg = Debug|Any CPU
		{C7C3E83B-CE6E-DBBB-A579-41CFBB0C354C}.Debug|Any CPU.Build.0 = Debug|Any CPU
		{C7C3E83B-CE6E-DBBB-A579-41CFBB0C354C}.Release|Any CPU.ActiveCfg = Release|Any CPU
		{C7C3E83B-CE6E-DBBB-A579-41CFBB0C354C}.Release|Any CPU.Build.0 = Release|Any CPU
		{5E1766BE-20E3-BB02-CD61-28A55C900D78}.Debug|Any CPU.ActiveCfg = Debug|Any CPU
		{5E1766BE-20E3-BB02-CD61-28A55C900D78}.Debug|Any CPU.Build.0 = Debug|Any CPU
		{5E1766BE-20E3-BB02-CD61-28A55C900D78}.Release|Any CPU.ActiveCfg = Release|Any CPU
		{5E1766BE-20E3-BB02-CD61-28A55C900D78}.Release|Any CPU.Build.0 = Release|Any CPU
		{1F68873D-D7DA-BD0B-A33D-B5983DC5CF15}.Debug|Any CPU.ActiveCfg = Debug|Any CPU
		{1F68873D-D7DA-BD0B-A33D-B5983DC5CF15}.Debug|Any CPU.Build.0 = Debug|Any CPU
		{1F68873D-D7DA-BD0B-A33D-B5983DC5CF15}.Release|Any CPU.ActiveCfg = Release|Any CPU
		{1F68873D-D7DA-BD0B-A33D-B5983DC5CF15}.Release|Any CPU.Build.0 = Release|Any CPU
		{7BC2E8CB-9E3A-FBCD-EB29-3518C3300261}.Debug|Any CPU.ActiveCfg = Debug|Any CPU
		{7BC2E8CB-9E3A-FBCD-EB29-3518C3300261}.Debug|Any CPU.Build.0 = Debug|Any CPU
		{7BC2E8CB-9E3A-FBCD-EB29-3518C3300261}.Release|Any CPU.ActiveCfg = Release|Any CPU
		{7BC2E8CB-9E3A-FBCD-EB29-3518C3300261}.Release|Any CPU.Build.0 = Release|Any CPU
		{012D3170-747E-C96F-CB19-37DF02B50777}.Debug|Any CPU.ActiveCfg = Debug|Any CPU
		{012D3170-747E-C96F-CB19-37DF02B50777}.Debug|Any CPU.Build.0 = Debug|Any CPU
		{012D3170-747E-C96F-CB19-37DF02B50777}.Release|Any CPU.ActiveCfg = Release|Any CPU
		{012D3170-747E-C96F-CB19-37DF02B50777}.Release|Any CPU.Build.0 = Release|Any CPU
		{BBF7534E-40F2-C423-E5C0-D6A90211E607}.Debug|Any CPU.ActiveCfg = Debug|Any CPU
		{BBF7534E-40F2-C423-E5C0-D6A90211E607}.Debug|Any CPU.Build.0 = Debug|Any CPU
		{BBF7534E-40F2-C423-E5C0-D6A90211E607}.Release|Any CPU.ActiveCfg = Release|Any CPU
		{BBF7534E-40F2-C423-E5C0-D6A90211E607}.Release|Any CPU.Build.0 = Release|Any CPU
		{526F65FD-A1CB-8CA5-1621-FA7DEEC52200}.Debug|Any CPU.ActiveCfg = Debug|Any CPU
		{526F65FD-A1CB-8CA5-1621-FA7DEEC52200}.Debug|Any CPU.Build.0 = Debug|Any CPU
		{526F65FD-A1CB-8CA5-1621-FA7DEEC52200}.Release|Any CPU.ActiveCfg = Release|Any CPU
		{526F65FD-A1CB-8CA5-1621-FA7DEEC52200}.Release|Any CPU.Build.0 = Release|Any CPU
		{8E0013AC-057A-F3C4-BF9E-58C3D021BEC9}.Debug|Any CPU.ActiveCfg = Debug|Any CPU
		{8E0013AC-057A-F3C4-BF9E-58C3D021BEC9}.Debug|Any CPU.Build.0 = Debug|Any CPU
		{8E0013AC-057A-F3C4-BF9E-58C3D021BEC9}.Release|Any CPU.ActiveCfg = Release|Any CPU
		{8E0013AC-057A-F3C4-BF9E-58C3D021BEC9}.Release|Any CPU.Build.0 = Release|Any CPU
		{747910CE-45EC-01CD-42B7-8D0E81E50E3D}.Debug|Any CPU.ActiveCfg = Debug|Any CPU
		{747910CE-45EC-01CD-42B7-8D0E81E50E3D}.Debug|Any CPU.Build.0 = Debug|Any CPU
		{747910CE-45EC-01CD-42B7-8D0E81E50E3D}.Release|Any CPU.ActiveCfg = Release|Any CPU
		{747910CE-45EC-01CD-42B7-8D0E81E50E3D}.Release|Any CPU.Build.0 = Release|Any CPU
		{638BC315-BED8-0A2A-D67F-EABDD364AABF}.Debug|Any CPU.ActiveCfg = Debug|Any CPU
		{638BC315-BED8-0A2A-D67F-EABDD364AABF}.Debug|Any CPU.Build.0 = Debug|Any CPU
		{638BC315-BED8-0A2A-D67F-EABDD364AABF}.Release|Any CPU.ActiveCfg = Release|Any CPU
		{638BC315-BED8-0A2A-D67F-EABDD364AABF}.Release|Any CPU.Build.0 = Release|Any CPU
		{109AD755-193A-726A-017B-8CC761EED05D}.Debug|Any CPU.ActiveCfg = Debug|Any CPU
		{109AD755-193A-726A-017B-8CC761EED05D}.Debug|Any CPU.Build.0 = Debug|Any CPU
		{109AD755-193A-726A-017B-8CC761EED05D}.Release|Any CPU.ActiveCfg = Release|Any CPU
		{109AD755-193A-726A-017B-8CC761EED05D}.Release|Any CPU.Build.0 = Release|Any CPU
		{C99896C6-DE96-38CC-BF57-9F37BAC3627E}.Debug|Any CPU.ActiveCfg = Debug|Any CPU
		{C99896C6-DE96-38CC-BF57-9F37BAC3627E}.Debug|Any CPU.Build.0 = Debug|Any CPU
		{C99896C6-DE96-38CC-BF57-9F37BAC3627E}.Release|Any CPU.ActiveCfg = Release|Any CPU
		{C99896C6-DE96-38CC-BF57-9F37BAC3627E}.Release|Any CPU.Build.0 = Release|Any CPU
		{29A9B3CE-54B3-8310-FCE8-8086A11B3862}.Debug|Any CPU.ActiveCfg = Debug|Any CPU
		{29A9B3CE-54B3-8310-FCE8-8086A11B3862}.Debug|Any CPU.Build.0 = Debug|Any CPU
		{29A9B3CE-54B3-8310-FCE8-8086A11B3862}.Release|Any CPU.ActiveCfg = Release|Any CPU
		{29A9B3CE-54B3-8310-FCE8-8086A11B3862}.Release|Any CPU.Build.0 = Release|Any CPU
		{FF83B76A-2820-F14F-0ECE-C8E66A6D5380}.Debug|Any CPU.ActiveCfg = Debug|Any CPU
		{FF83B76A-2820-F14F-0ECE-C8E66A6D5380}.Debug|Any CPU.Build.0 = Debug|Any CPU
		{FF83B76A-2820-F14F-0ECE-C8E66A6D5380}.Release|Any CPU.ActiveCfg = Release|Any CPU
		{FF83B76A-2820-F14F-0ECE-C8E66A6D5380}.Release|Any CPU.Build.0 = Release|Any CPU
		{7F3FB1E4-0E8C-8A04-6795-3A612221CCDB}.Debug|Any CPU.ActiveCfg = Debug|Any CPU
		{7F3FB1E4-0E8C-8A04-6795-3A612221CCDB}.Debug|Any CPU.Build.0 = Debug|Any CPU
		{7F3FB1E4-0E8C-8A04-6795-3A612221CCDB}.Release|Any CPU.ActiveCfg = Release|Any CPU
		{7F3FB1E4-0E8C-8A04-6795-3A612221CCDB}.Release|Any CPU.Build.0 = Release|Any CPU
		{D20DB75F-EFE0-E5F7-81C7-DB1D704D3813}.Debug|Any CPU.ActiveCfg = Debug|Any CPU
		{D20DB75F-EFE0-E5F7-81C7-DB1D704D3813}.Debug|Any CPU.Build.0 = Debug|Any CPU
		{D20DB75F-EFE0-E5F7-81C7-DB1D704D3813}.Release|Any CPU.ActiveCfg = Release|Any CPU
		{D20DB75F-EFE0-E5F7-81C7-DB1D704D3813}.Release|Any CPU.Build.0 = Release|Any CPU
		{0B9702CA-9AB0-6919-25D5-E8EE4B7C23FD}.Debug|Any CPU.ActiveCfg = Debug|Any CPU
		{0B9702CA-9AB0-6919-25D5-E8EE4B7C23FD}.Debug|Any CPU.Build.0 = Debug|Any CPU
		{0B9702CA-9AB0-6919-25D5-E8EE4B7C23FD}.Release|Any CPU.ActiveCfg = Release|Any CPU
		{0B9702CA-9AB0-6919-25D5-E8EE4B7C23FD}.Release|Any CPU.Build.0 = Release|Any CPU
		{28E8DE0B-4058-6362-D7DD-9F253632A50C}.Debug|Any CPU.ActiveCfg = Debug|Any CPU
		{28E8DE0B-4058-6362-D7DD-9F253632A50C}.Debug|Any CPU.Build.0 = Debug|Any CPU
		{28E8DE0B-4058-6362-D7DD-9F253632A50C}.Release|Any CPU.ActiveCfg = Release|Any CPU
		{28E8DE0B-4058-6362-D7DD-9F253632A50C}.Release|Any CPU.Build.0 = Release|Any CPU
		{CB2B0C9B-5D00-0EF6-6662-0C59D90DD074}.Debug|Any CPU.ActiveCfg = Debug|Any CPU
		{CB2B0C9B-5D00-0EF6-6662-0C59D90DD074}.Debug|Any CPU.Build.0 = Debug|Any CPU
		{CB2B0C9B-5D00-0EF6-6662-0C59D90DD074}.Release|Any CPU.ActiveCfg = Release|Any CPU
		{CB2B0C9B-5D00-0EF6-6662-0C59D90DD074}.Release|Any CPU.Build.0 = Release|Any CPU
		{85B10BE0-0C62-769F-362B-B8B57ADFFDFD}.Debug|Any CPU.ActiveCfg = Debug|Any CPU
		{85B10BE0-0C62-769F-362B-B8B57ADFFDFD}.Debug|Any CPU.Build.0 = Debug|Any CPU
		{85B10BE0-0C62-769F-362B-B8B57ADFFDFD}.Release|Any CPU.ActiveCfg = Release|Any CPU
		{85B10BE0-0C62-769F-362B-B8B57ADFFDFD}.Release|Any CPU.Build.0 = Release|Any CPU
		{23CB81BA-240D-7C0A-FD3C-107194721BDD}.Debug|Any CPU.ActiveCfg = Debug|Any CPU
		{23CB81BA-240D-7C0A-FD3C-107194721BDD}.Debug|Any CPU.Build.0 = Debug|Any CPU
		{23CB81BA-240D-7C0A-FD3C-107194721BDD}.Release|Any CPU.ActiveCfg = Release|Any CPU
		{23CB81BA-240D-7C0A-FD3C-107194721BDD}.Release|Any CPU.Build.0 = Release|Any CPU
		{DBFE4B02-D625-1675-A275-EE31D7C27221}.Debug|Any CPU.ActiveCfg = Debug|Any CPU
		{DBFE4B02-D625-1675-A275-EE31D7C27221}.Debug|Any CPU.Build.0 = Debug|Any CPU
		{DBFE4B02-D625-1675-A275-EE31D7C27221}.Release|Any CPU.ActiveCfg = Release|Any CPU
		{DBFE4B02-D625-1675-A275-EE31D7C27221}.Release|Any CPU.Build.0 = Release|Any CPU
		{8B1A1FDB-0F24-666A-ECC3-A90386692341}.Debug|Any CPU.ActiveCfg = Debug|Any CPU
		{8B1A1FDB-0F24-666A-ECC3-A90386692341}.Debug|Any CPU.Build.0 = Debug|Any CPU
		{8B1A1FDB-0F24-666A-ECC3-A90386692341}.Release|Any CPU.ActiveCfg = Release|Any CPU
		{8B1A1FDB-0F24-666A-ECC3-A90386692341}.Release|Any CPU.Build.0 = Release|Any CPU
		{E8663DC5-C8F1-0AED-B6F9-E8C6F9598A10}.Debug|Any CPU.ActiveCfg = Debug|Any CPU
		{E8663DC5-C8F1-0AED-B6F9-E8C6F9598A10}.Debug|Any CPU.Build.0 = Debug|Any CPU
		{E8663DC5-C8F1-0AED-B6F9-E8C6F9598A10}.Release|Any CPU.ActiveCfg = Release|Any CPU
		{E8663DC5-C8F1-0AED-B6F9-E8C6F9598A10}.Release|Any CPU.Build.0 = Release|Any CPU
		{18E651E6-65D6-9EC8-2E8C-47AD4E1B7EB3}.Debug|Any CPU.ActiveCfg = Debug|Any CPU
		{18E651E6-65D6-9EC8-2E8C-47AD4E1B7EB3}.Debug|Any CPU.Build.0 = Debug|Any CPU
		{18E651E6-65D6-9EC8-2E8C-47AD4E1B7EB3}.Release|Any CPU.ActiveCfg = Release|Any CPU
		{18E651E6-65D6-9EC8-2E8C-47AD4E1B7EB3}.Release|Any CPU.Build.0 = Release|Any CPU
		{C7A53047-9B99-B5AA-908B-CDB9CA4DC1F4}.Debug|Any CPU.ActiveCfg = Debug|Any CPU
		{C7A53047-9B99-B5AA-908B-CDB9CA4DC1F4}.Debug|Any CPU.Build.0 = Debug|Any CPU
		{C7A53047-9B99-B5AA-908B-CDB9CA4DC1F4}.Release|Any CPU.ActiveCfg = Release|Any CPU
		{C7A53047-9B99-B5AA-908B-CDB9CA4DC1F4}.Release|Any CPU.Build.0 = Release|Any CPU
		{92381238-2D78-8E21-028E-1FE23D601A31}.Debug|Any CPU.ActiveCfg = Debug|Any CPU
		{92381238-2D78-8E21-028E-1FE23D601A31}.Debug|Any CPU.Build.0 = Debug|Any CPU
		{92381238-2D78-8E21-028E-1FE23D601A31}.Release|Any CPU.ActiveCfg = Release|Any CPU
		{92381238-2D78-8E21-028E-1FE23D601A31}.Release|Any CPU.Build.0 = Release|Any CPU
		{9F60A64F-E09D-662F-8C13-3AEF48EF160E}.Debug|Any CPU.ActiveCfg = Debug|Any CPU
		{9F60A64F-E09D-662F-8C13-3AEF48EF160E}.Debug|Any CPU.Build.0 = Debug|Any CPU
		{9F60A64F-E09D-662F-8C13-3AEF48EF160E}.Release|Any CPU.ActiveCfg = Release|Any CPU
		{9F60A64F-E09D-662F-8C13-3AEF48EF160E}.Release|Any CPU.Build.0 = Release|Any CPU
		{6E30AE1A-F2E9-CD83-4662-C0C4E6967D64}.Debug|Any CPU.ActiveCfg = Debug|Any CPU
		{6E30AE1A-F2E9-CD83-4662-C0C4E6967D64}.Debug|Any CPU.Build.0 = Debug|Any CPU
		{6E30AE1A-F2E9-CD83-4662-C0C4E6967D64}.Release|Any CPU.ActiveCfg = Release|Any CPU
		{6E30AE1A-F2E9-CD83-4662-C0C4E6967D64}.Release|Any CPU.Build.0 = Release|Any CPU
	EndGlobalSection
	GlobalSection(SolutionProperties) = preSolution
		HideSolutionNode = FALSE
	EndGlobalSection
EndGlobal
